
Microsoft Visual Studio Solution File, Format Version 12.00
# Visual Studio Version 17
VisualStudioVersion = 17.0.32014.148
MinimumVisualStudioVersion = 10.0.40219.1
Project("{9A19103F-16F7-4668-BE54-9A1E7A4F7556}") = "Eisenscript", "Eisenscript\Eisenscript.csproj", "{C2CBAFD6-5326-4AE2-ABDD-6B3DCDD95D1F}"
EndProject
Project("{FAE04EC0-301F-11D3-BF4B-00C04F79EFBC}") = "TestEisenscript", "TestEisenscript\TestEisenscript.csproj", "{76E2A51E-8537-4203-BAEC-C62B128692A2}"
EndProject
Global
	GlobalSection(SolutionConfigurationPlatforms) = preSolution
		Debug|Any CPU = Debug|Any CPU
		Release|Any CPU = Release|Any CPU
	EndGlobalSection
	GlobalSection(ProjectConfigurationPlatforms) = postSolution
		{C2CBAFD6-5326-4AE2-ABDD-6B3DCDD95D1F}.Debug|Any CPU.ActiveCfg = Debug|Any CPU
		{C2CBAFD6-5326-4AE2-ABDD-6B3DCDD95D1F}.Debug|Any CPU.Build.0 = Debug|Any CPU
		{C2CBAFD6-5326-4AE2-ABDD-6B3DCDD95D1F}.Release|Any CPU.ActiveCfg = Release|Any CPU
		{C2CBAFD6-5326-4AE2-ABDD-6B3DCDD95D1F}.Release|Any CPU.Build.0 = Release|Any CPU
		{76E2A51E-8537-4203-BAEC-C62B128692A2}.Debug|Any CPU.ActiveCfg = Debug|Any CPU
		{76E2A51E-8537-4203-BAEC-C62B128692A2}.Debug|Any CPU.Build.0 = Debug|Any CPU
		{76E2A51E-8537-4203-BAEC-C62B128692A2}.Release|Any CPU.ActiveCfg = Release|Any CPU
		{76E2A51E-8537-4203-BAEC-C62B128692A2}.Release|Any CPU.Build.0 = Release|Any CPU
	EndGlobalSection
	GlobalSection(SolutionProperties) = preSolution
		HideSolutionNode = FALSE
	EndGlobalSection
	GlobalSection(ExtensibilityGlobals) = postSolution
		SolutionGuid = {DFD47585-409A-4B74-89BC-2B7EB44D03CF}
	EndGlobalSection
EndGlobal
